// !$*UTF8*$!
{
	archiveVersion = 1;
	classes = {
	};
	objectVersion = 46;
	objects = {

/* Begin PBXBuildFile section */
		1DDD58160DA1D0A300B32029 /* MainMenu.xib in Resources */ = {isa = PBXBuildFile; fileRef = 1DDD58140DA1D0A300B32029 /* MainMenu.xib */; };
		256AC3DA0F4B6AC300CF3369 /* KleinViewAppDelegate.m in Sources */ = {isa = PBXBuildFile; fileRef = 256AC3D90F4B6AC300CF3369 /* KleinViewAppDelegate.m */; };
		8D11072B0486CEB800E47090 /* InfoPlist.strings in Resources */ = {isa = PBXBuildFile; fileRef = 089C165CFE840E0CC02AAC07 /* InfoPlist.strings */; };
		8D11072D0486CEB800E47090 /* main.m in Sources */ = {isa = PBXBuildFile; fileRef = 29B97316FDCFA39411CA2CEA /* main.m */; settings = {ATTRIBUTES = (); }; };
		8D11072F0486CEB800E47090 /* Cocoa.framework in Frameworks */ = {isa = PBXBuildFile; fileRef = 1058C7A1FEA54F0111CA2CBB /* Cocoa.framework */; };
		FE31818A14BBB9DD00F6E166 /* README.txt in Resources */ = {isa = PBXBuildFile; fileRef = FE31818914BBB9DD00F6E166 /* README.txt */; };
		FE31818C14BBB9FD00F6E166 /* License.rtf in Resources */ = {isa = PBXBuildFile; fileRef = FE31818B14BBB9FD00F6E166 /* License.rtf */; };
		FE5098C213BCC45400B4ABB7 /* base.png in Resources */ = {isa = PBXBuildFile; fileRef = FE5098BC13BCC45400B4ABB7 /* base.png */; };
		FE5098C313BCC45400B4ABB7 /* Blue.png in Resources */ = {isa = PBXBuildFile; fileRef = FE5098BD13BCC45400B4ABB7 /* Blue.png */; };
		FE5098C413BCC45400B4ABB7 /* Green.png in Resources */ = {isa = PBXBuildFile; fileRef = FE5098BE13BCC45400B4ABB7 /* Green.png */; };
		FE5098C513BCC45400B4ABB7 /* Red.png in Resources */ = {isa = PBXBuildFile; fileRef = FE5098BF13BCC45400B4ABB7 /* Red.png */; };
		FE5098C613BCC45400B4ABB7 /* WWLevelIndicator.m in Sources */ = {isa = PBXBuildFile; fileRef = FE5098C113BCC45400B4ABB7 /* WWLevelIndicator.m */; };
		FE9478F914BBBB10003DD1BB /* Credits.rtf in Resources */ = {isa = PBXBuildFile; fileRef = FE9478F814BBBB10003DD1BB /* Credits.rtf */; };
		FE96F02E144354CF00FE0B72 /* Klein.icns in Resources */ = {isa = PBXBuildFile; fileRef = FE96F02D144354CF00FE0B72 /* Klein.icns */; };
		FEB128D512DFB24A00B68866 /* AMSerialPort_Deprecated.m in Sources */ = {isa = PBXBuildFile; fileRef = FEB128CA12DFB24A00B68866 /* AMSerialPort_Deprecated.m */; };
		FEB128D612DFB24A00B68866 /* AMSerialPort.m in Sources */ = {isa = PBXBuildFile; fileRef = FEB128CC12DFB24A00B68866 /* AMSerialPort.m */; };
		FEB128D712DFB24A00B68866 /* AMSerialPortAdditions.m in Sources */ = {isa = PBXBuildFile; fileRef = FEB128CE12DFB24A00B68866 /* AMSerialPortAdditions.m */; };
		FEB128D812DFB24A00B68866 /* AMSerialPortList_Deprecated.m in Sources */ = {isa = PBXBuildFile; fileRef = FEB128D012DFB24A00B68866 /* AMSerialPortList_Deprecated.m */; };
		FEB128D912DFB24A00B68866 /* AMSerialPortList.m in Sources */ = {isa = PBXBuildFile; fileRef = FEB128D212DFB24A00B68866 /* AMSerialPortList.m */; };
		FEB128DA12DFB24A00B68866 /* AMStandardEnumerator.m in Sources */ = {isa = PBXBuildFile; fileRef = FEB128D412DFB24A00B68866 /* AMStandardEnumerator.m */; };
		FEB128DF12DFB2CD00B68866 /* KleinController.m in Sources */ = {isa = PBXBuildFile; fileRef = FEB128DE12DFB2CD00B68866 /* KleinController.m */; };
		FEB128E612DFB4E500B68866 /* IOKit.framework in Frameworks */ = {isa = PBXBuildFile; fileRef = FEB128E512DFB4E500B68866 /* IOKit.framework */; };
		FEF7DCCA13AFE54E006BEC1C /* wwLabVIew.m in Sources */ = {isa = PBXBuildFile; fileRef = FEF7DCC913AFE54E006BEC1C /* wwLabVIew.m */; };
/* End PBXBuildFile section */

/* Begin PBXFileReference section */
		089C165DFE840E0CC02AAC07 /* English */ = {isa = PBXFileReference; fileEncoding = 4; lastKnownFileType = text.plist.strings; name = English; path = English.lproj/InfoPlist.strings; sourceTree = "<group>"; };
		1058C7A1FEA54F0111CA2CBB /* Cocoa.framework */ = {isa = PBXFileReference; lastKnownFileType = wrapper.framework; name = Cocoa.framework; path = /System/Library/Frameworks/Cocoa.framework; sourceTree = "<absolute>"; };
		13E42FB307B3F0F600E4EEF1 /* CoreData.framework */ = {isa = PBXFileReference; lastKnownFileType = wrapper.framework; name = CoreData.framework; path = /System/Library/Frameworks/CoreData.framework; sourceTree = "<absolute>"; };
		1DDD58150DA1D0A300B32029 /* English */ = {isa = PBXFileReference; lastKnownFileType = file.xib; name = English; path = English.lproj/MainMenu.xib; sourceTree = "<group>"; };
		256AC3D80F4B6AC300CF3369 /* KleinViewAppDelegate.h */ = {isa = PBXFileReference; fileEncoding = 4; lastKnownFileType = sourcecode.c.h; path = KleinViewAppDelegate.h; sourceTree = "<group>"; };
		256AC3D90F4B6AC300CF3369 /* KleinViewAppDelegate.m */ = {isa = PBXFileReference; fileEncoding = 4; lastKnownFileType = sourcecode.c.objc; path = KleinViewAppDelegate.m; sourceTree = "<group>"; };
		256AC3F00F4B6AF500CF3369 /* KleinView_Prefix.pch */ = {isa = PBXFileReference; fileEncoding = 4; lastKnownFileType = sourcecode.c.h; path = KleinView_Prefix.pch; sourceTree = "<group>"; };
		29B97316FDCFA39411CA2CEA /* main.m */ = {isa = PBXFileReference; fileEncoding = 4; lastKnownFileType = sourcecode.c.objc; path = main.m; sourceTree = "<group>"; };
		29B97324FDCFA39411CA2CEA /* AppKit.framework */ = {isa = PBXFileReference; lastKnownFileType = wrapper.framework; name = AppKit.framework; path = /System/Library/Frameworks/AppKit.framework; sourceTree = "<absolute>"; };
		29B97325FDCFA39411CA2CEA /* Foundation.framework */ = {isa = PBXFileReference; lastKnownFileType = wrapper.framework; name = Foundation.framework; path = /System/Library/Frameworks/Foundation.framework; sourceTree = "<absolute>"; };
		8D1107310486CEB800E47090 /* KleinView-Info.plist */ = {isa = PBXFileReference; fileEncoding = 4; lastKnownFileType = text.plist.xml; path = "KleinView-Info.plist"; sourceTree = "<group>"; };
		8D1107320486CEB800E47090 /* KleinView.app */ = {isa = PBXFileReference; explicitFileType = wrapper.application; includeInIndex = 0; path = KleinView.app; sourceTree = BUILT_PRODUCTS_DIR; };
		FE31818914BBB9DD00F6E166 /* README.txt */ = {isa = PBXFileReference; fileEncoding = 4; lastKnownFileType = text; path = README.txt; sourceTree = "<group>"; };
		FE31818B14BBB9FD00F6E166 /* License.rtf */ = {isa = PBXFileReference; fileEncoding = 4; lastKnownFileType = text.rtf; path = License.rtf; sourceTree = "<group>"; };
		FE5098BC13BCC45400B4ABB7 /* base.png */ = {isa = PBXFileReference; lastKnownFileType = image.png; path = base.png; sourceTree = "<group>"; };
		FE5098BD13BCC45400B4ABB7 /* Blue.png */ = {isa = PBXFileReference; lastKnownFileType = image.png; path = Blue.png; sourceTree = "<group>"; };
		FE5098BE13BCC45400B4ABB7 /* Green.png */ = {isa = PBXFileReference; lastKnownFileType = image.png; path = Green.png; sourceTree = "<group>"; };
		FE5098BF13BCC45400B4ABB7 /* Red.png */ = {isa = PBXFileReference; lastKnownFileType = image.png; path = Red.png; sourceTree = "<group>"; };
		FE5098C013BCC45400B4ABB7 /* WWLevelIndicator.h */ = {isa = PBXFileReference; fileEncoding = 4; lastKnownFileType = sourcecode.c.h; path = WWLevelIndicator.h; sourceTree = "<group>"; };
		FE5098C113BCC45400B4ABB7 /* WWLevelIndicator.m */ = {isa = PBXFileReference; fileEncoding = 4; lastKnownFileType = sourcecode.c.objc; path = WWLevelIndicator.m; sourceTree = "<group>"; };
		FE9478F814BBBB10003DD1BB /* Credits.rtf */ = {isa = PBXFileReference; fileEncoding = 4; lastKnownFileType = text.rtf; path = Credits.rtf; sourceTree = "<group>"; };
		FE96F02D144354CF00FE0B72 /* Klein.icns */ = {isa = PBXFileReference; lastKnownFileType = image.icns; path = Klein.icns; sourceTree = "<group>"; };
		FEB128C712DFB24A00B68866 /* AMSDKCompatibility.h */ = {isa = PBXFileReference; fileEncoding = 4; lastKnownFileType = sourcecode.c.h; path = AMSDKCompatibility.h; sourceTree = "<group>"; };
		FEB128C812DFB24A00B68866 /* AMSerialErrors.h */ = {isa = PBXFileReference; fileEncoding = 4; lastKnownFileType = sourcecode.c.h; path = AMSerialErrors.h; sourceTree = "<group>"; };
		FEB128C912DFB24A00B68866 /* AMSerialPort_Deprecated.h */ = {isa = PBXFileReference; fileEncoding = 4; lastKnownFileType = sourcecode.c.h; path = AMSerialPort_Deprecated.h; sourceTree = "<group>"; };
		FEB128CA12DFB24A00B68866 /* AMSerialPort_Deprecated.m */ = {isa = PBXFileReference; fileEncoding = 4; lastKnownFileType = sourcecode.c.objc; path = AMSerialPort_Deprecated.m; sourceTree = "<group>"; };
		FEB128CB12DFB24A00B68866 /* AMSerialPort.h */ = {isa = PBXFileReference; fileEncoding = 4; lastKnownFileType = sourcecode.c.h; path = AMSerialPort.h; sourceTree = "<group>"; };
		FEB128CC12DFB24A00B68866 /* AMSerialPort.m */ = {isa = PBXFileReference; fileEncoding = 4; lastKnownFileType = sourcecode.c.objc; path = AMSerialPort.m; sourceTree = "<group>"; };
		FEB128CD12DFB24A00B68866 /* AMSerialPortAdditions.h */ = {isa = PBXFileReference; fileEncoding = 4; lastKnownFileType = sourcecode.c.h; path = AMSerialPortAdditions.h; sourceTree = "<group>"; };
		FEB128CE12DFB24A00B68866 /* AMSerialPortAdditions.m */ = {isa = PBXFileReference; fileEncoding = 4; lastKnownFileType = sourcecode.c.objc; path = AMSerialPortAdditions.m; sourceTree = "<group>"; };
		FEB128CF12DFB24A00B68866 /* AMSerialPortList_Deprecated.h */ = {isa = PBXFileReference; fileEncoding = 4; lastKnownFileType = sourcecode.c.h; path = AMSerialPortList_Deprecated.h; sourceTree = "<group>"; };
		FEB128D012DFB24A00B68866 /* AMSerialPortList_Deprecated.m */ = {isa = PBXFileReference; fileEncoding = 4; lastKnownFileType = sourcecode.c.objc; path = AMSerialPortList_Deprecated.m; sourceTree = "<group>"; };
		FEB128D112DFB24A00B68866 /* AMSerialPortList.h */ = {isa = PBXFileReference; fileEncoding = 4; lastKnownFileType = sourcecode.c.h; path = AMSerialPortList.h; sourceTree = "<group>"; };
		FEB128D212DFB24A00B68866 /* AMSerialPortList.m */ = {isa = PBXFileReference; fileEncoding = 4; lastKnownFileType = sourcecode.c.objc; path = AMSerialPortList.m; sourceTree = "<group>"; };
		FEB128D312DFB24A00B68866 /* AMStandardEnumerator.h */ = {isa = PBXFileReference; fileEncoding = 4; lastKnownFileType = sourcecode.c.h; path = AMStandardEnumerator.h; sourceTree = "<group>"; };
		FEB128D412DFB24A00B68866 /* AMStandardEnumerator.m */ = {isa = PBXFileReference; fileEncoding = 4; lastKnownFileType = sourcecode.c.objc; path = AMStandardEnumerator.m; sourceTree = "<group>"; };
		FEB128DD12DFB2CD00B68866 /* KleinController.h */ = {isa = PBXFileReference; fileEncoding = 4; lastKnownFileType = sourcecode.c.h; path = KleinController.h; sourceTree = "<group>"; };
		FEB128DE12DFB2CD00B68866 /* KleinController.m */ = {isa = PBXFileReference; fileEncoding = 4; lastKnownFileType = sourcecode.c.objc; path = KleinController.m; sourceTree = "<group>"; };
		FEB128E512DFB4E500B68866 /* IOKit.framework */ = {isa = PBXFileReference; lastKnownFileType = wrapper.framework; name = IOKit.framework; path = System/Library/Frameworks/IOKit.framework; sourceTree = SDKROOT; };
		FEF7DCC813AFE54E006BEC1C /* wwLabVIew.h */ = {isa = PBXFileReference; fileEncoding = 4; lastKnownFileType = sourcecode.c.h; path = wwLabVIew.h; sourceTree = "<group>"; };
		FEF7DCC913AFE54E006BEC1C /* wwLabVIew.m */ = {isa = PBXFileReference; fileEncoding = 4; lastKnownFileType = sourcecode.c.objc; path = wwLabVIew.m; sourceTree = "<group>"; };
/* End PBXFileReference section */

/* Begin PBXFrameworksBuildPhase section */
		8D11072E0486CEB800E47090 /* Frameworks */ = {
			isa = PBXFrameworksBuildPhase;
			buildActionMask = 2147483647;
			files = (
				8D11072F0486CEB800E47090 /* Cocoa.framework in Frameworks */,
				FEB128E612DFB4E500B68866 /* IOKit.framework in Frameworks */,
			);
			runOnlyForDeploymentPostprocessing = 0;
		};
/* End PBXFrameworksBuildPhase section */

/* Begin PBXGroup section */
		080E96DDFE201D6D7F000001 /* Classes */ = {
			isa = PBXGroup;
			children = (
				FEB128C412DFB21300B68866 /* AMSerialPort */,
				256AC3D80F4B6AC300CF3369 /* KleinViewAppDelegate.h */,
				FEF7DCC813AFE54E006BEC1C /* wwLabVIew.h */,
				FEF7DCC913AFE54E006BEC1C /* wwLabVIew.m */,
				256AC3D90F4B6AC300CF3369 /* KleinViewAppDelegate.m */,
				FEB128DD12DFB2CD00B68866 /* KleinController.h */,
				FEB128DE12DFB2CD00B68866 /* KleinController.m */,
				FE5098C013BCC45400B4ABB7 /* WWLevelIndicator.h */,
				FE5098C113BCC45400B4ABB7 /* WWLevelIndicator.m */,
			);
			name = Classes;
			sourceTree = "<group>";
		};
		1058C7A0FEA54F0111CA2CBB /* Linked Frameworks */ = {
			isa = PBXGroup;
			children = (
				FEB128E512DFB4E500B68866 /* IOKit.framework */,
				1058C7A1FEA54F0111CA2CBB /* Cocoa.framework */,
			);
			name = "Linked Frameworks";
			sourceTree = "<group>";
		};
		1058C7A2FEA54F0111CA2CBB /* Other Frameworks */ = {
			isa = PBXGroup;
			children = (
				29B97324FDCFA39411CA2CEA /* AppKit.framework */,
				13E42FB307B3F0F600E4EEF1 /* CoreData.framework */,
				29B97325FDCFA39411CA2CEA /* Foundation.framework */,
			);
			name = "Other Frameworks";
			sourceTree = "<group>";
		};
		19C28FACFE9D520D11CA2CBB /* Products */ = {
			isa = PBXGroup;
			children = (
				8D1107320486CEB800E47090 /* KleinView.app */,
			);
			name = Products;
			sourceTree = "<group>";
		};
		29B97314FDCFA39411CA2CEA /* KleinView */ = {
			isa = PBXGroup;
			children = (
				080E96DDFE201D6D7F000001 /* Classes */,
				29B97315FDCFA39411CA2CEA /* Other Sources */,
				29B97317FDCFA39411CA2CEA /* Resources */,
				29B97323FDCFA39411CA2CEA /* Frameworks */,
				19C28FACFE9D520D11CA2CBB /* Products */,
			);
			name = KleinView;
			sourceTree = "<group>";
		};
		29B97315FDCFA39411CA2CEA /* Other Sources */ = {
			isa = PBXGroup;
			children = (
				256AC3F00F4B6AF500CF3369 /* KleinView_Prefix.pch */,
				29B97316FDCFA39411CA2CEA /* main.m */,
			);
			name = "Other Sources";
			sourceTree = "<group>";
		};
		29B97317FDCFA39411CA2CEA /* Resources */ = {
			isa = PBXGroup;
			children = (
				FE9478F814BBBB10003DD1BB /* Credits.rtf */,
				FE31818B14BBB9FD00F6E166 /* License.rtf */,
				FE31818914BBB9DD00F6E166 /* README.txt */,
				FE96F02D144354CF00FE0B72 /* Klein.icns */,
				FE5098BC13BCC45400B4ABB7 /* base.png */,
				FE5098BD13BCC45400B4ABB7 /* Blue.png */,
				FE5098BE13BCC45400B4ABB7 /* Green.png */,
				FE5098BF13BCC45400B4ABB7 /* Red.png */,
				8D1107310486CEB800E47090 /* KleinView-Info.plist */,
				089C165CFE840E0CC02AAC07 /* InfoPlist.strings */,
				1DDD58140DA1D0A300B32029 /* MainMenu.xib */,
			);
			name = Resources;
			sourceTree = "<group>";
		};
		29B97323FDCFA39411CA2CEA /* Frameworks */ = {
			isa = PBXGroup;
			children = (
				1058C7A0FEA54F0111CA2CBB /* Linked Frameworks */,
				1058C7A2FEA54F0111CA2CBB /* Other Frameworks */,
			);
			name = Frameworks;
			sourceTree = "<group>";
		};
		FEB128C412DFB21300B68866 /* AMSerialPort */ = {
			isa = PBXGroup;
			children = (
				FEB128C712DFB24A00B68866 /* AMSDKCompatibility.h */,
				FEB128C812DFB24A00B68866 /* AMSerialErrors.h */,
				FEB128C912DFB24A00B68866 /* AMSerialPort_Deprecated.h */,
				FEB128CA12DFB24A00B68866 /* AMSerialPort_Deprecated.m */,
				FEB128CB12DFB24A00B68866 /* AMSerialPort.h */,
				FEB128CC12DFB24A00B68866 /* AMSerialPort.m */,
				FEB128CD12DFB24A00B68866 /* AMSerialPortAdditions.h */,
				FEB128CE12DFB24A00B68866 /* AMSerialPortAdditions.m */,
				FEB128CF12DFB24A00B68866 /* AMSerialPortList_Deprecated.h */,
				FEB128D012DFB24A00B68866 /* AMSerialPortList_Deprecated.m */,
				FEB128D112DFB24A00B68866 /* AMSerialPortList.h */,
				FEB128D212DFB24A00B68866 /* AMSerialPortList.m */,
				FEB128D312DFB24A00B68866 /* AMStandardEnumerator.h */,
				FEB128D412DFB24A00B68866 /* AMStandardEnumerator.m */,
			);
			name = AMSerialPort;
			sourceTree = "<group>";
		};
/* End PBXGroup section */

/* Begin PBXNativeTarget section */
		8D1107260486CEB800E47090 /* KleinView */ = {
			isa = PBXNativeTarget;
			buildConfigurationList = C01FCF4A08A954540054247B /* Build configuration list for PBXNativeTarget "KleinView" */;
			buildPhases = (
				8D1107290486CEB800E47090 /* Resources */,
				8D11072C0486CEB800E47090 /* Sources */,
				8D11072E0486CEB800E47090 /* Frameworks */,
			);
			buildRules = (
			);
			dependencies = (
			);
			name = KleinView;
			productInstallPath = "$(HOME)/Applications";
			productName = KleinView;
			productReference = 8D1107320486CEB800E47090 /* KleinView.app */;
			productType = "com.apple.product-type.application";
		};
/* End PBXNativeTarget section */

/* Begin PBXProject section */
		29B97313FDCFA39411CA2CEA /* Project object */ = {
			isa = PBXProject;
			attributes = {
				LastUpgradeCheck = 0820;
			};
			buildConfigurationList = C01FCF4E08A954540054247B /* Build configuration list for PBXProject "KleinView" */;
			compatibilityVersion = "Xcode 3.2";
			developmentRegion = English;
			hasScannedForEncodings = 1;
			knownRegions = (
				English,
				Japanese,
				French,
				German,
			);
			mainGroup = 29B97314FDCFA39411CA2CEA /* KleinView */;
			projectDirPath = "";
			projectRoot = "";
			targets = (
				8D1107260486CEB800E47090 /* KleinView */,
			);
		};
/* End PBXProject section */

/* Begin PBXResourcesBuildPhase section */
		8D1107290486CEB800E47090 /* Resources */ = {
			isa = PBXResourcesBuildPhase;
			buildActionMask = 2147483647;
			files = (
				8D11072B0486CEB800E47090 /* InfoPlist.strings in Resources */,
				1DDD58160DA1D0A300B32029 /* MainMenu.xib in Resources */,
				FE5098C213BCC45400B4ABB7 /* base.png in Resources */,
				FE5098C313BCC45400B4ABB7 /* Blue.png in Resources */,
				FE5098C413BCC45400B4ABB7 /* Green.png in Resources */,
				FE5098C513BCC45400B4ABB7 /* Red.png in Resources */,
				FE96F02E144354CF00FE0B72 /* Klein.icns in Resources */,
				FE31818A14BBB9DD00F6E166 /* README.txt in Resources */,
				FE31818C14BBB9FD00F6E166 /* License.rtf in Resources */,
				FE9478F914BBBB10003DD1BB /* Credits.rtf in Resources */,
			);
			runOnlyForDeploymentPostprocessing = 0;
		};
/* End PBXResourcesBuildPhase section */

/* Begin PBXSourcesBuildPhase section */
		8D11072C0486CEB800E47090 /* Sources */ = {
			isa = PBXSourcesBuildPhase;
			buildActionMask = 2147483647;
			files = (
				8D11072D0486CEB800E47090 /* main.m in Sources */,
				256AC3DA0F4B6AC300CF3369 /* KleinViewAppDelegate.m in Sources */,
				FEB128D512DFB24A00B68866 /* AMSerialPort_Deprecated.m in Sources */,
				FEB128D612DFB24A00B68866 /* AMSerialPort.m in Sources */,
				FEB128D712DFB24A00B68866 /* AMSerialPortAdditions.m in Sources */,
				FEB128D812DFB24A00B68866 /* AMSerialPortList_Deprecated.m in Sources */,
				FEB128D912DFB24A00B68866 /* AMSerialPortList.m in Sources */,
				FEB128DA12DFB24A00B68866 /* AMStandardEnumerator.m in Sources */,
				FEB128DF12DFB2CD00B68866 /* KleinController.m in Sources */,
				FEF7DCCA13AFE54E006BEC1C /* wwLabVIew.m in Sources */,
				FE5098C613BCC45400B4ABB7 /* WWLevelIndicator.m in Sources */,
			);
			runOnlyForDeploymentPostprocessing = 0;
		};
/* End PBXSourcesBuildPhase section */

/* Begin PBXVariantGroup section */
		089C165CFE840E0CC02AAC07 /* InfoPlist.strings */ = {
			isa = PBXVariantGroup;
			children = (
				089C165DFE840E0CC02AAC07 /* English */,
			);
			name = InfoPlist.strings;
			sourceTree = "<group>";
		};
		1DDD58140DA1D0A300B32029 /* MainMenu.xib */ = {
			isa = PBXVariantGroup;
			children = (
				1DDD58150DA1D0A300B32029 /* English */,
			);
			name = MainMenu.xib;
			sourceTree = "<group>";
		};
/* End PBXVariantGroup section */

/* Begin XCBuildConfiguration section */
		C01FCF4B08A954540054247B /* Debug */ = {
			isa = XCBuildConfiguration;
			buildSettings = {
				ALWAYS_SEARCH_USER_PATHS = NO;
				COPY_PHASE_STRIP = NO;
				GCC_DYNAMIC_NO_PIC = NO;
				GCC_MODEL_TUNING = G5;
				GCC_OPTIMIZATION_LEVEL = 0;
				GCC_PRECOMPILE_PREFIX_HEADER = YES;
				GCC_PREFIX_HEADER = KleinView_Prefix.pch;
				INFOPLIST_FILE = "KleinView-Info.plist";
				INSTALL_PATH = "$(HOME)/Applications";
				MACOSX_DEPLOYMENT_TARGET = 10.6;
				PRODUCT_BUNDLE_IDENTIFIER = "com.Filmworkers.${PRODUCT_NAME:rfc1034identifier}";
				PRODUCT_NAME = KleinView;
			};
			name = Debug;
		};
		C01FCF4C08A954540054247B /* Release */ = {
			isa = XCBuildConfiguration;
			buildSettings = {
				ALWAYS_SEARCH_USER_PATHS = NO;
				DEBUG_INFORMATION_FORMAT = "dwarf-with-dsym";
				GCC_MODEL_TUNING = G5;
				GCC_PRECOMPILE_PREFIX_HEADER = YES;
				GCC_PREFIX_HEADER = KleinView_Prefix.pch;
				INFOPLIST_FILE = "KleinView-Info.plist";
				INSTALL_PATH = "$(HOME)/Applications";
				MACOSX_DEPLOYMENT_TARGET = 10.6;
				PRODUCT_BUNDLE_IDENTIFIER = "com.Filmworkers.${PRODUCT_NAME:rfc1034identifier}";
				PRODUCT_NAME = KleinView;
			};
			name = Release;
		};
		C01FCF4F08A954540054247B /* Debug */ = {
			isa = XCBuildConfiguration;
			buildSettings = {
				CLANG_ANALYZER_LOCALIZABILITY_NONLOCALIZED = YES;
				CLANG_WARN_BOOL_CONVERSION = YES;
				CLANG_WARN_CONSTANT_CONVERSION = YES;
				CLANG_WARN_EMPTY_BODY = YES;
				CLANG_WARN_ENUM_CONVERSION = YES;
				CLANG_WARN_INFINITE_RECURSION = YES;
				CLANG_WARN_INT_CONVERSION = YES;
				CLANG_WARN_SUSPICIOUS_MOVE = YES;
				CLANG_WARN_UNREACHABLE_CODE = YES;
				CLANG_WARN__DUPLICATE_METHOD_MATCH = YES;
				ENABLE_STRICT_OBJC_MSGSEND = YES;
				ENABLE_TESTABILITY = YES;
				GCC_C_LANGUAGE_STANDARD = gnu99;
				GCC_NO_COMMON_BLOCKS = YES;
				GCC_OPTIMIZATION_LEVEL = 0;
				GCC_WARN_64_TO_32_BIT_CONVERSION = YES;
				GCC_WARN_ABOUT_RETURN_TYPE = YES;
				GCC_WARN_UNDECLARED_SELECTOR = YES;
				GCC_WARN_UNINITIALIZED_AUTOS = YES;
				GCC_WARN_UNUSED_FUNCTION = YES;
				GCC_WARN_UNUSED_VARIABLE = YES;
				ONLY_ACTIVE_ARCH = YES;
				SDKROOT = macosx;
			};
			name = Debug;
		};
		C01FCF5008A954540054247B /* Release */ = {
			isa = XCBuildConfiguration;
			buildSettings = {
				CLANG_ANALYZER_LOCALIZABILITY_NONLOCALIZED = YES;
				CLANG_WARN_BOOL_CONVERSION = YES;
				CLANG_WARN_CONSTANT_CONVERSION = YES;
				CLANG_WARN_EMPTY_BODY = YES;
				CLANG_WARN_ENUM_CONVERSION = YES;
				CLANG_WARN_INFINITE_RECURSION = YES;
				CLANG_WARN_INT_CONVERSION = YES;
				CLANG_WARN_SUSPICIOUS_MOVE = YES;
				CLANG_WARN_UNREACHABLE_CODE = YES;
				CLANG_WARN__DUPLICATE_METHOD_MATCH = YES;
				ENABLE_STRICT_OBJC_MSGSEND = YES;
				GCC_C_LANGUAGE_STANDARD = gnu99;
				GCC_NO_COMMON_BLOCKS = YES;
				GCC_WARN_64_TO_32_BIT_CONVERSION = YES;
				GCC_WARN_ABOUT_RETURN_TYPE = YES;
				GCC_WARN_UNDECLARED_SELECTOR = YES;
				GCC_WARN_UNINITIALIZED_AUTOS = YES;
				GCC_WARN_UNUSED_FUNCTION = YES;
				GCC_WARN_UNUSED_VARIABLE = YES;
				SDKROOT = macosx;
			};
			name = Release;
		};
/* End XCBuildConfiguration section */

/* Begin XCConfigurationList section */
		C01FCF4A08A954540054247B /* Build configuration list for PBXNativeTarget "KleinView" */ = {
			isa = XCConfigurationList;
			buildConfigurations = (
				C01FCF4B08A954540054247B /* Debug */,
				C01FCF4C08A954540054247B /* Release */,
			);
			defaultConfigurationIsVisible = 0;
			defaultConfigurationName = Release;
		};
		C01FCF4E08A954540054247B /* Build configuration list for PBXProject "KleinView" */ = {
			isa = XCConfigurationList;
			buildConfigurations = (
				C01FCF4F08A954540054247B /* Debug */,
				C01FCF5008A954540054247B /* Release */,
			);
			defaultConfigurationIsVisible = 0;
			defaultConfigurationName = Release;
		};
/* End XCConfigurationList section */
	};
	rootObject = 29B97313FDCFA39411CA2CEA /* Project object */;
}
